Microsoft Visual Studio Solution File, Format Version 8.00
Project("{8BC9CEB8-8B4A-11D0-8D11-00A0C91BC942}") = "SDL2", "SDL\SDL.vcproj", "{037532C7-90D6-4C6C-9585-0F9E79879C81}"
	ProjectSection(ProjectDependencies) = postProject
	EndProjectSection
EndProject
Project("{8BC9CEB8-8B4A-11D0-8D11-00A0C91BC942}") = "SDL2main", "SDLmain\SDLmain.vcproj", "{59A94022-A749-4751-AE9A-71833D41E6F7}"
	ProjectSection(ProjectDependencies) = postProject
	EndProjectSection
EndProject
Project("{8BC9CEB8-8B4A-11D0-8D11-00A0C91BC942}") = "SDL2test", "SDLtest\SDLtest.vcproj", "{F6B90ED8-F839-4DF0-B8C1-4DC089D59EAD}"
	ProjectSection(ProjectDependencies) = postProject
		{037532C7-90D6-4C6C-9585-0F9E79879C81} = {037532C7-90D6-4C6C-9585-0F9E79879C81}
	EndProjectSection
EndProject
Project("{8BC9CEB8-8B4A-11D0-8D11-00A0C91BC942}") = "visualtest", "visualtest\visualtest_VS2012.vcproj", "{ACBE0DA4-A3A0-4032-95AA-7289B1BAE18A}"
	ProjectSection(ProjectDependencies) = postProject
		{59A94022-A749-4751-AE9A-71833D41E6F7} = {59A94022-A749-4751-AE9A-71833D41E6F7}
		{037532C7-90D6-4C6C-9585-0F9E79879C81} = {037532C7-90D6-4C6C-9585-0F9E79879C81}
		{F6B90ED8-F839-4DF0-B8C1-4DC089D59EAD} = {F6B90ED8-F839-4DF0-B8C1-4DC089D59EAD}
	EndProjectSection
EndProject
Project("{8BC9CEB8-8B4A-11D0-8D11-00A0C91BC942}") = "checkkeys", "tests\checkkeys\checkkeys.vcproj", "{9BAFC594-74DC-4C48-B021-450A9175BDA9}"
	ProjectSection(ProjectDependencies) = postProject
		{59A94022-A749-4751-AE9A-71833D41E6F7} = {59A94022-A749-4751-AE9A-71833D41E6F7}
		{037532C7-90D6-4C6C-9585-0F9E79879C81} = {037532C7-90D6-4C6C-9585-0F9E79879C81}
		{F6B90ED8-F839-4DF0-B8C1-4DC089D59EAD} = {F6B90ED8-F839-4DF0-B8C1-4DC089D59EAD}
	EndProjectSection
EndProject
Project("{8BC9CEB8-8B4A-11D0-8D11-00A0C91BC942}") = "controllermap", "tests\controllermap\controllermap.vcproj", "{30C4E2DF-B298-43ED-8261-F347E6A188D2}"
	ProjectSection(ProjectDependencies) = postProject
		{59A94022-A749-4751-AE9A-71833D41E6F7} = {59A94022-A749-4751-AE9A-71833D41E6F7}
		{037532C7-90D6-4C6C-9585-0F9E79879C81} = {037532C7-90D6-4C6C-9585-0F9E79879C81}
		{F6B90ED8-F839-4DF0-B8C1-4DC089D59EAD} = {F6B90ED8-F839-4DF0-B8C1-4DC089D59EAD}
	EndProjectSection
EndProject
Project("{8BC9CEB8-8B4A-11D0-8D11-00A0C91BC942}") = "loopwave", "tests\loopwave\loopwave.vcproj", "{A02DEE2A-FEBF-48A7-AC38-2A019495836C}"
	ProjectSection(ProjectDependencies) = postProject
		{59A94022-A749-4751-AE9A-71833D41E6F7} = {59A94022-A749-4751-AE9A-71833D41E6F7}
		{037532C7-90D6-4C6C-9585-0F9E79879C81} = {037532C7-90D6-4C6C-9585-0F9E79879C81}
		{F6B90ED8-F839-4DF0-B8C1-4DC089D59EAD} = {F6B90ED8-F839-4DF0-B8C1-4DC089D59EAD}
	EndProjectSection
EndProject
Project("{8BC9CEB8-8B4A-11D0-8D11-00A0C91BC942}") = "testatomic", "tests\testatomic\testatomic.vcproj", "{D7294EAA-9773-4A2D-8D43-51372852758E}"
	ProjectSection(ProjectDependencies) = postProject
		{59A94022-A749-4751-AE9A-71833D41E6F7} = {59A94022-A749-4751-AE9A-71833D41E6F7}
		{037532C7-90D6-4C6C-9585-0F9E79879C81} = {037532C7-90D6-4C6C-9585-0F9E79879C81}
		{F6B90ED8-F839-4DF0-B8C1-4DC089D59EAD} = {F6B90ED8-F839-4DF0-B8C1-4DC089D59EAD}
	EndProjectSection
EndProject
Project("{8BC9CEB8-8B4A-11D0-8D11-00A0C91BC942}") = "testautomation", "tests\testautomation\testautomation.vcproj", "{B34D7AE2-9364-4D4E-9634-3556217609AA}"
	ProjectSection(ProjectDependencies) = postProject
		{59A94022-A749-4751-AE9A-71833D41E6F7} = {59A94022-A749-4751-AE9A-71833D41E6F7}
		{037532C7-90D6-4C6C-9585-0F9E79879C81} = {037532C7-90D6-4C6C-9585-0F9E79879C81}
		{F6B90ED8-F839-4DF0-B8C1-4DC089D59EAD} = {F6B90ED8-F839-4DF0-B8C1-4DC089D59EAD}
	EndProjectSection
EndProject
Project("{8BC9CEB8-8B4A-11D0-8D11-00A0C91BC942}") = "testdraw2", "tests\testdraw2\testdraw2.vcproj", "{B93514FC-F828-4C88-9686-DD8C07B8393F}"
	ProjectSection(ProjectDependencies) = postProject
		{59A94022-A749-4751-AE9A-71833D41E6F7} = {59A94022-A749-4751-AE9A-71833D41E6F7}
		{037532C7-90D6-4C6C-9585-0F9E79879C81} = {037532C7-90D6-4C6C-9585-0F9E79879C81}
		{F6B90ED8-F839-4DF0-B8C1-4DC089D59EAD} = {F6B90ED8-F839-4DF0-B8C1-4DC089D59EAD}
	EndProjectSection
EndProject
Project("{8BC9CEB8-8B4A-11D0-8D11-00A0C91BC942}") = "testfile", "tests\testfile\testfile.vcproj", "{26F56768-8889-4579-880F-F80A7E2BE23C}"
	ProjectSection(ProjectDependencies) = postProject
		{59A94022-A749-4751-AE9A-71833D41E6F7} = {59A94022-A749-4751-AE9A-71833D41E6F7}
		{037532C7-90D6-4C6C-9585-0F9E79879C81} = {037532C7-90D6-4C6C-9585-0F9E79879C81}
		{F6B90ED8-F839-4DF0-B8C1-4DC089D59EAD} = {F6B90ED8-F839-4DF0-B8C1-4DC089D59EAD}
	EndProjectSection
EndProject
Project("{8BC9CEB8-8B4A-11D0-8D11-00A0C91BC942}") = "testgamecontroller", "tests\testgamecontroller\testgamecontroller.vcproj", "{0853ABF2-A775-4B47-97B5-FAA6E37C0BD3}"
	ProjectSection(ProjectDependencies) = postProject
		{59A94022-A749-4751-AE9A-71833D41E6F7} = {59A94022-A749-4751-AE9A-71833D41E6F7}
		{037532C7-90D6-4C6C-9585-0F9E79879C81} = {037532C7-90D6-4C6C-9585-0F9E79879C81}
		{F6B90ED8-F839-4DF0-B8C1-4DC089D59EAD} = {F6B90ED8-F839-4DF0-B8C1-4DC089D59EAD}
	EndProjectSection
EndProject
Project("{8BC9CEB8-8B4A-11D0-8D11-00A0C91BC942}") = "testgesture", "tests\testgesture\testgesture.vcproj", "{A42AB158-9DE5-4E71-B8A4-1D513485CE1B}"
	ProjectSection(ProjectDependencies) = postProject
		{59A94022-A749-4751-AE9A-71833D41E6F7} = {59A94022-A749-4751-AE9A-71833D41E6F7}
		{037532C7-90D6-4C6C-9585-0F9E79879C81} = {037532C7-90D6-4C6C-9585-0F9E79879C81}
		{F6B90ED8-F839-4DF0-B8C1-4DC089D59EAD} = {F6B90ED8-F839-4DF0-B8C1-4DC089D59EAD}
	EndProjectSection
EndProject
Project("{8BC9CEB8-8B4A-11D0-8D11-00A0C91BC942}") = "testgl2", "tests\testgl2\testgl2.vcproj", "{3D443978-7E31-4154-B15E-E30C24CBDE01}"
	ProjectSection(ProjectDependencies) = postProject
		{59A94022-A749-4751-AE9A-71833D41E6F7} = {59A94022-A749-4751-AE9A-71833D41E6F7}
		{037532C7-90D6-4C6C-9585-0F9E79879C81} = {037532C7-90D6-4C6C-9585-0F9E79879C81}
		{F6B90ED8-F839-4DF0-B8C1-4DC089D59EAD} = {F6B90ED8-F839-4DF0-B8C1-4DC089D59EAD}
	EndProjectSection
EndProject
Project("{8BC9CEB8-8B4A-11D0-8D11-00A0C91BC942}") = "testgles2", "tests\testgles2\testgles2.vcproj", "{30F6B694-05DE-4A56-8856-252BA4795C17}"
	ProjectSection(ProjectDependencies) = postProject
		{59A94022-A749-4751-AE9A-71833D41E6F7} = {59A94022-A749-4751-AE9A-71833D41E6F7}
		{037532C7-90D6-4C6C-9585-0F9E79879C81} = {037532C7-90D6-4C6C-9585-0F9E79879C81}
		{F6B90ED8-F839-4DF0-B8C1-4DC089D59EAD} = {F6B90ED8-F839-4DF0-B8C1-4DC089D59EAD}
	EndProjectSection
EndProject
Project("{8BC9CEB8-8B4A-11D0-8D11-00A0C91BC942}") = "testjoystick", "tests\testjoystick\testjoystick.vcproj", "{46690C6D-6538-420A-8517-D42A143AB8F9}"
	ProjectSection(ProjectDependencies) = postProject
		{59A94022-A749-4751-AE9A-71833D41E6F7} = {59A94022-A749-4751-AE9A-71833D41E6F7}
		{037532C7-90D6-4C6C-9585-0F9E79879C81} = {037532C7-90D6-4C6C-9585-0F9E79879C81}
		{F6B90ED8-F839-4DF0-B8C1-4DC089D59EAD} = {F6B90ED8-F839-4DF0-B8C1-4DC089D59EAD}
	EndProjectSection
EndProject
Project("{8BC9CEB8-8B4A-11D0-8D11-00A0C91BC942}") = "testoverlay2", "tests\testoverlay2\testoverlay2.vcproj", "{2D5B2113-0A6F-4987-8060-9CA0038073A7}"
	ProjectSection(ProjectDependencies) = postProject
		{59A94022-A749-4751-AE9A-71833D41E6F7} = {59A94022-A749-4751-AE9A-71833D41E6F7}
		{037532C7-90D6-4C6C-9585-0F9E79879C81} = {037532C7-90D6-4C6C-9585-0F9E79879C81}
		{F6B90ED8-F839-4DF0-B8C1-4DC089D59EAD} = {F6B90ED8-F839-4DF0-B8C1-4DC089D59EAD}
	EndProjectSection
EndProject
Project("{8BC9CEB8-8B4A-11D0-8D11-00A0C91BC942}") = "testplatform", "tests\testplatform\testplatform.vcproj", "{7E5A8D2A-035E-40D7-8C21-6812AA4297B4}"
	ProjectSection(ProjectDependencies) = postProject
		{59A94022-A749-4751-AE9A-71833D41E6F7} = {59A94022-A749-4751-AE9A-71833D41E6F7}
		{037532C7-90D6-4C6C-9585-0F9E79879C81} = {037532C7-90D6-4C6C-9585-0F9E79879C81}
		{F6B90ED8-F839-4DF0-B8C1-4DC089D59EAD} = {F6B90ED8-F839-4DF0-B8C1-4DC089D59EAD}
	EndProjectSection
EndProject
Project("{8BC9CEB8-8B4A-11D0-8D11-00A0C91BC942}") = "testpower", "tests\testpower\testpower.vcproj", "{15134D49-FB2B-48B1-9C29-AE657EEA0F0B}"
	ProjectSection(ProjectDependencies) = postProject
		{59A94022-A749-4751-AE9A-71833D41E6F7} = {59A94022-A749-4751-AE9A-71833D41E6F7}
		{037532C7-90D6-4C6C-9585-0F9E79879C81} = {037532C7-90D6-4C6C-9585-0F9E79879C81}
		{F6B90ED8-F839-4DF0-B8C1-4DC089D59EAD} = {F6B90ED8-F839-4DF0-B8C1-4DC089D59EAD}
	EndProjectSection
EndProject
Project("{8BC9CEB8-8B4A-11D0-8D11-00A0C91BC942}") = "testrendertarget", "tests\testrendertarget\testrendertarget.vcproj", "{01982C0E-623D-41B8-96D5-1B49EA267338}"
	ProjectSection(ProjectDependencies) = postProject
		{59A94022-A749-4751-AE9A-71833D41E6F7} = {59A94022-A749-4751-AE9A-71833D41E6F7}
		{037532C7-90D6-4C6C-9585-0F9E79879C81} = {037532C7-90D6-4C6C-9585-0F9E79879C81}
		{F6B90ED8-F839-4DF0-B8C1-4DC089D59EAD} = {F6B90ED8-F839-4DF0-B8C1-4DC089D59EAD}
	EndProjectSection
EndProject
Project("{8BC9CEB8-8B4A-11D0-8D11-00A0C91BC942}") = "testrumble", "tests\testrumble\testrumble.vcproj", "{8E7335BE-6111-4792-9978-686754944376}"
	ProjectSection(ProjectDependencies) = postProject
		{59A94022-A749-4751-AE9A-71833D41E6F7} = {59A94022-A749-4751-AE9A-71833D41E6F7}
		{037532C7-90D6-4C6C-9585-0F9E79879C81} = {037532C7-90D6-4C6C-9585-0F9E79879C81}
		{F6B90ED8-F839-4DF0-B8C1-4DC089D59EAD} = {F6B90ED8-F839-4DF0-B8C1-4DC089D59EAD}
	EndProjectSection
EndProject
Project("{8BC9CEB8-8B4A-11D0-8D11-00A0C91BC942}") = "testscale", "tests\testscale\testscale.vcproj", "{446ABFEF-1ECA-4CEE-A90B-F9323491F313}"
	ProjectSection(ProjectDependencies) = postProject
		{59A94022-A749-4751-AE9A-71833D41E6F7} = {59A94022-A749-4751-AE9A-71833D41E6F7}
		{037532C7-90D6-4C6C-9585-0F9E79879C81} = {037532C7-90D6-4C6C-9585-0F9E79879C81}
		{F6B90ED8-F839-4DF0-B8C1-4DC089D59EAD} = {F6B90ED8-F839-4DF0-B8C1-4DC089D59EAD}
	EndProjectSection
EndProject
Project("{8BC9CEB8-8B4A-11D0-8D11-00A0C91BC942}") = "testsensor", "tests\testsensor\testsensor.vcproj", "{F9D9302A-9391-4596-AD40-95149D94A861}"
	ProjectSection(ProjectDependencies) = postProject
		{59A94022-A749-4751-AE9A-71833D41E6F7} = {59A94022-A749-4751-AE9A-71833D41E6F7}
		{037532C7-90D6-4C6C-9585-0F9E79879C81} = {037532C7-90D6-4C6C-9585-0F9E79879C81}
		{F6B90ED8-F839-4DF0-B8C1-4DC089D59EAD} = {F6B90ED8-F839-4DF0-B8C1-4DC089D59EAD}
	EndProjectSection
EndProject
Project("{8BC9CEB8-8B4A-11D0-8D11-00A0C91BC942}") = "testshape", "tests\testshape\testshape.vcproj", "{4FD9BE54-DD77-47A0-8F0E-EF301B859B9C}"
	ProjectSection(ProjectDependencies) = postProject
		{59A94022-A749-4751-AE9A-71833D41E6F7} = {59A94022-A749-4751-AE9A-71833D41E6F7}
		{037532C7-90D6-4C6C-9585-0F9E79879C81} = {037532C7-90D6-4C6C-9585-0F9E79879C81}
		{F6B90ED8-F839-4DF0-B8C1-4DC089D59EAD} = {F6B90ED8-F839-4DF0-B8C1-4DC089D59EAD}
	EndProjectSection
EndProject
Project("{8BC9CEB8-8B4A-11D0-8D11-00A0C91BC942}") = "testsprite2", "tests\testsprite2\testsprite2.vcproj", "{8664C52A-A32F-4391-9052-205D655E53E5}"
	ProjectSection(ProjectDependencies) = postProject
		{59A94022-A749-4751-AE9A-71833D41E6F7} = {59A94022-A749-4751-AE9A-71833D41E6F7}
		{037532C7-90D6-4C6C-9585-0F9E79879C81} = {037532C7-90D6-4C6C-9585-0F9E79879C81}
		{F6B90ED8-F839-4DF0-B8C1-4DC089D59EAD} = {F6B90ED8-F839-4DF0-B8C1-4DC089D59EAD}
	EndProjectSection
EndProject
Project("{8BC9CEB8-8B4A-11D0-8D11-00A0C91BC942}") = "testsurround", "tests\testsurround\testsurround.vcproj", "{9880B406-4F3A-4659-8CE4-EEB41BAE6D13}"
	ProjectSection(ProjectDependencies) = postProject
		{59A94022-A749-4751-AE9A-71833D41E6F7} = {59A94022-A749-4751-AE9A-71833D41E6F7}
		{037532C7-90D6-4C6C-9585-0F9E79879C81} = {037532C7-90D6-4C6C-9585-0F9E79879C81}
		{F6B90ED8-F839-4DF0-B8C1-4DC089D59EAD} = {F6B90ED8-F839-4DF0-B8C1-4DC089D59EAD}
	EndProjectSection
EndProject
Project("{8BC9CEB8-8B4A-11D0-8D11-00A0C91BC942}") = "testvulkan", "tests\testvulkan\testvulkan.vcproj", "{0C3F37F2-2687-400D-9066-090206ED7C8D}"
	ProjectSection(ProjectDependencies) = postProject
		{59A94022-A749-4751-AE9A-71833D41E6F7} = {59A94022-A749-4751-AE9A-71833D41E6F7}
		{037532C7-90D6-4C6C-9585-0F9E79879C81} = {037532C7-90D6-4C6C-9585-0F9E79879C81}
		{F6B90ED8-F839-4DF0-B8C1-4DC089D59EAD} = {F6B90ED8-F839-4DF0-B8C1-4DC089D59EAD}
	EndProjectSection
EndProject
Project("{8BC9CEB8-8B4A-11D0-8D11-00A0C91BC942}") = "testwm2", "tests\testwm2\testwm2.vcproj", "{50C2EF18-0BAE-473A-A41D-2D23AF9B13EB}"
	ProjectSection(ProjectDependencies) = postProject
		{59A94022-A749-4751-AE9A-71833D41E6F7} = {59A94022-A749-4751-AE9A-71833D41E6F7}
		{037532C7-90D6-4C6C-9585-0F9E79879C81} = {037532C7-90D6-4C6C-9585-0F9E79879C81}
		{F6B90ED8-F839-4DF0-B8C1-4DC089D59EAD} = {F6B90ED8-F839-4DF0-B8C1-4DC089D59EAD}
	EndProjectSection
EndProject
Project("{8BC9CEB8-8B4A-11D0-8D11-00A0C91BC942}") = "testyuv", "tests\testyuv\testyuv.vcproj", "{B328A5E3-D6AC-4324-81E1-35BCC565CB34}"
	ProjectSection(ProjectDependencies) = postProject
		{59A94022-A749-4751-AE9A-71833D41E6F7} = {59A94022-A749-4751-AE9A-71833D41E6F7}
		{037532C7-90D6-4C6C-9585-0F9E79879C81} = {037532C7-90D6-4C6C-9585-0F9E79879C81}
		{F6B90ED8-F839-4DF0-B8C1-4DC089D59EAD} = {F6B90ED8-F839-4DF0-B8C1-4DC089D59EAD}
	EndProjectSection
EndProject
Project("{8BC9CEB8-8B4A-11D0-8D11-00A0C91BC942}") = "testquit", "visualtest\unittest\testquit\testquit_VS2012.vcproj", "{5ED132CC-6A41-4998-8793-A5B4F7C5C2E0}"
	ProjectSection(ProjectDependencies) = postProject
		{59A94022-A749-4751-AE9A-71833D41E6F7} = {59A94022-A749-4751-AE9A-71833D41E6F7}
		{037532C7-90D6-4C6C-9585-0F9E79879C81} = {037532C7-90D6-4C6C-9585-0F9E79879C81}
		{F6B90ED8-F839-4DF0-B8C1-4DC089D59EAD} = {F6B90ED8-F839-4DF0-B8C1-4DC089D59EAD}
	EndProjectSection
EndProject
Global
	GlobalSection(SolutionConfiguration) = preSolution
		Debug = Debug
		Profile = Profile
		Profile_FastCap = Profile_FastCap
		Release = Release
		Release_LTCG = Release_LTCG
	EndGlobalSection
	GlobalSection(ProjectConfiguration) = postSolution
		{037532C7-90D6-4C6C-9585-0F9E79879C81}.Debug.ActiveCfg = Debug|Xbox
		{037532C7-90D6-4C6C-9585-0F9E79879C81}.Debug.Build.0 = Debug|Xbox
		{037532C7-90D6-4C6C-9585-0F9E79879C81}.Profile.ActiveCfg = Profile|Xbox
		{037532C7-90D6-4C6C-9585-0F9E79879C81}.Profile.Build.0 = Profile|Xbox
		{037532C7-90D6-4C6C-9585-0F9E79879C81}.Profile_FastCap.ActiveCfg = Profile_FastCap|Xbox
		{037532C7-90D6-4C6C-9585-0F9E79879C81}.Profile_FastCap.Build.0 = Profile_FastCap|Xbox
		{037532C7-90D6-4C6C-9585-0F9E79879C81}.Release.ActiveCfg = Release|Xbox
		{037532C7-90D6-4C6C-9585-0F9E79879C81}.Release.Build.0 = Release|Xbox
		{037532C7-90D6-4C6C-9585-0F9E79879C81}.Release_LTCG.ActiveCfg = Release_LTCG|Xbox
		{037532C7-90D6-4C6C-9585-0F9E79879C81}.Release_LTCG.Build.0 = Release_LTCG|Xbox
		{59A94022-A749-4751-AE9A-71833D41E6F7}.Debug.ActiveCfg = Debug|Xbox
		{59A94022-A749-4751-AE9A-71833D41E6F7}.Debug.Build.0 = Debug|Xbox
		{59A94022-A749-4751-AE9A-71833D41E6F7}.Profile.ActiveCfg = Profile|Xbox
		{59A94022-A749-4751-AE9A-71833D41E6F7}.Profile.Build.0 = Profile|Xbox
		{59A94022-A749-4751-AE9A-71833D41E6F7}.Profile_FastCap.ActiveCfg = Profile_FastCap|Xbox
		{59A94022-A749-4751-AE9A-71833D41E6F7}.Profile_FastCap.Build.0 = Profile_FastCap|Xbox
		{59A94022-A749-4751-AE9A-71833D41E6F7}.Release.ActiveCfg = Release|Xbox
		{59A94022-A749-4751-AE9A-71833D41E6F7}.Release.Build.0 = Release|Xbox
		{59A94022-A749-4751-AE9A-71833D41E6F7}.Release_LTCG.ActiveCfg = Release_LTCG|Xbox
		{59A94022-A749-4751-AE9A-71833D41E6F7}.Release_LTCG.Build.0 = Release_LTCG|Xbox
		{F6B90ED8-F839-4DF0-B8C1-4DC089D59EAD}.Debug.ActiveCfg = Debug|Xbox
		{F6B90ED8-F839-4DF0-B8C1-4DC089D59EAD}.Debug.Build.0 = Debug|Xbox
		{F6B90ED8-F839-4DF0-B8C1-4DC089D59EAD}.Profile.ActiveCfg = Profile|Xbox
		{F6B90ED8-F839-4DF0-B8C1-4DC089D59EAD}.Profile.Build.0 = Profile|Xbox
		{F6B90ED8-F839-4DF0-B8C1-4DC089D59EAD}.Profile_FastCap.ActiveCfg = Profile_FastCap|Xbox
		{F6B90ED8-F839-4DF0-B8C1-4DC089D59EAD}.Profile_FastCap.Build.0 = Profile_FastCap|Xbox
		{F6B90ED8-F839-4DF0-B8C1-4DC089D59EAD}.Release.ActiveCfg = Release|Xbox
		{F6B90ED8-F839-4DF0-B8C1-4DC089D59EAD}.Release.Build.0 = Release|Xbox
		{F6B90ED8-F839-4DF0-B8C1-4DC089D59EAD}.Release_LTCG.ActiveCfg = Release_LTCG|Xbox
		{F6B90ED8-F839-4DF0-B8C1-4DC089D59EAD}.Release_LTCG.Build.0 = Release_LTCG|Xbox
		{ACBE0DA4-A3A0-4032-95AA-7289B1BAE18A}.Debug.ActiveCfg = Debug|Xbox
		{ACBE0DA4-A3A0-4032-95AA-7289B1BAE18A}.Debug.Build.0 = Debug|Xbox
		{ACBE0DA4-A3A0-4032-95AA-7289B1BAE18A}.Profile.ActiveCfg = Profile|Xbox
		{ACBE0DA4-A3A0-4032-95AA-7289B1BAE18A}.Profile.Build.0 = Profile|Xbox
		{ACBE0DA4-A3A0-4032-95AA-7289B1BAE18A}.Profile_FastCap.ActiveCfg = Profile_FastCap|Xbox
		{ACBE0DA4-A3A0-4032-95AA-7289B1BAE18A}.Profile_FastCap.Build.0 = Profile_FastCap|Xbox
		{ACBE0DA4-A3A0-4032-95AA-7289B1BAE18A}.Release.ActiveCfg = Release|Xbox
		{ACBE0DA4-A3A0-4032-95AA-7289B1BAE18A}.Release.Build.0 = Release|Xbox
		{ACBE0DA4-A3A0-4032-95AA-7289B1BAE18A}.Release_LTCG.ActiveCfg = Release_LTCG|Xbox
		{ACBE0DA4-A3A0-4032-95AA-7289B1BAE18A}.Release_LTCG.Build.0 = Release_LTCG|Xbox
		{9BAFC594-74DC-4C48-B021-450A9175BDA9}.Debug.ActiveCfg = Debug|Xbox
		{9BAFC594-74DC-4C48-B021-450A9175BDA9}.Debug.Build.0 = Debug|Xbox
		{9BAFC594-74DC-4C48-B021-450A9175BDA9}.Profile.ActiveCfg = Profile|Xbox
		{9BAFC594-74DC-4C48-B021-450A9175BDA9}.Profile.Build.0 = Profile|Xbox
		{9BAFC594-74DC-4C48-B021-450A9175BDA9}.Profile_FastCap.ActiveCfg = Profile_FastCap|Xbox
		{9BAFC594-74DC-4C48-B021-450A9175BDA9}.Profile_FastCap.Build.0 = Profile_FastCap|Xbox
		{9BAFC594-74DC-4C48-B021-450A9175BDA9}.Release.ActiveCfg = Release|Xbox
		{9BAFC594-74DC-4C48-B021-450A9175BDA9}.Release.Build.0 = Release|Xbox
		{9BAFC594-74DC-4C48-B021-450A9175BDA9}.Release_LTCG.ActiveCfg = Release_LTCG|Xbox
		{9BAFC594-74DC-4C48-B021-450A9175BDA9}.Release_LTCG.Build.0 = Release_LTCG|Xbox
		{30C4E2DF-B298-43ED-8261-F347E6A188D2}.Debug.ActiveCfg = Debug|Xbox
		{30C4E2DF-B298-43ED-8261-F347E6A188D2}.Debug.Build.0 = Debug|Xbox
		{30C4E2DF-B298-43ED-8261-F347E6A188D2}.Profile.ActiveCfg = Profile|Xbox
		{30C4E2DF-B298-43ED-8261-F347E6A188D2}.Profile.Build.0 = Profile|Xbox
		{30C4E2DF-B298-43ED-8261-F347E6A188D2}.Profile_FastCap.ActiveCfg = Profile_FastCap|Xbox
		{30C4E2DF-B298-43ED-8261-F347E6A188D2}.Profile_FastCap.Build.0 = Profile_FastCap|Xbox
		{30C4E2DF-B298-43ED-8261-F347E6A188D2}.Release.ActiveCfg = Release|Xbox
		{30C4E2DF-B298-43ED-8261-F347E6A188D2}.Release.Build.0 = Release|Xbox
		{30C4E2DF-B298-43ED-8261-F347E6A188D2}.Release_LTCG.ActiveCfg = Release_LTCG|Xbox
		{30C4E2DF-B298-43ED-8261-F347E6A188D2}.Release_LTCG.Build.0 = Release_LTCG|Xbox
		{A02DEE2A-FEBF-48A7-AC38-2A019495836C}.Debug.ActiveCfg = Debug|Xbox
		{A02DEE2A-FEBF-48A7-AC38-2A019495836C}.Debug.Build.0 = Debug|Xbox
		{A02DEE2A-FEBF-48A7-AC38-2A019495836C}.Profile.ActiveCfg = Profile|Xbox
		{A02DEE2A-FEBF-48A7-AC38-2A019495836C}.Profile.Build.0 = Profile|Xbox
		{A02DEE2A-FEBF-48A7-AC38-2A019495836C}.Profile_FastCap.ActiveCfg = Profile_FastCap|Xbox
		{A02DEE2A-FEBF-48A7-AC38-2A019495836C}.Profile_FastCap.Build.0 = Profile_FastCap|Xbox
		{A02DEE2A-FEBF-48A7-AC38-2A019495836C}.Release.ActiveCfg = Release|Xbox
		{A02DEE2A-FEBF-48A7-AC38-2A019495836C}.Release.Build.0 = Release|Xbox
		{A02DEE2A-FEBF-48A7-AC38-2A019495836C}.Release_LTCG.ActiveCfg = Release_LTCG|Xbox
		{A02DEE2A-FEBF-48A7-AC38-2A019495836C}.Release_LTCG.Build.0 = Release_LTCG|Xbox
		{D7294EAA-9773-4A2D-8D43-51372852758E}.Debug.ActiveCfg = Debug|Xbox
		{D7294EAA-9773-4A2D-8D43-51372852758E}.Debug.Build.0 = Debug|Xbox
		{D7294EAA-9773-4A2D-8D43-51372852758E}.Profile.ActiveCfg = Profile|Xbox
		{D7294EAA-9773-4A2D-8D43-51372852758E}.Profile.Build.0 = Profile|Xbox
		{D7294EAA-9773-4A2D-8D43-51372852758E}.Profile_FastCap.ActiveCfg = Profile_FastCap|Xbox
		{D7294EAA-9773-4A2D-8D43-51372852758E}.Profile_FastCap.Build.0 = Profile_FastCap|Xbox
		{D7294EAA-9773-4A2D-8D43-51372852758E}.Release.ActiveCfg = Release|Xbox
		{D7294EAA-9773-4A2D-8D43-51372852758E}.Release.Build.0 = Release|Xbox
		{D7294EAA-9773-4A2D-8D43-51372852758E}.Release_LTCG.ActiveCfg = Release_LTCG|Xbox
		{D7294EAA-9773-4A2D-8D43-51372852758E}.Release_LTCG.Build.0 = Release_LTCG|Xbox
		{B34D7AE2-9364-4D4E-9634-3556217609AA}.Debug.ActiveCfg = Debug|Xbox
		{B34D7AE2-9364-4D4E-9634-3556217609AA}.Debug.Build.0 = Debug|Xbox
		{B34D7AE2-9364-4D4E-9634-3556217609AA}.Profile.ActiveCfg = Profile|Xbox
		{B34D7AE2-9364-4D4E-9634-3556217609AA}.Profile.Build.0 = Profile|Xbox
		{B34D7AE2-9364-4D4E-9634-3556217609AA}.Profile_FastCap.ActiveCfg = Profile_FastCap|Xbox
		{B34D7AE2-9364-4D4E-9634-3556217609AA}.Profile_FastCap.Build.0 = Profile_FastCap|Xbox
		{B34D7AE2-9364-4D4E-9634-3556217609AA}.Release.ActiveCfg = Release|Xbox
		{B34D7AE2-9364-4D4E-9634-3556217609AA}.Release.Build.0 = Release|Xbox
		{B34D7AE2-9364-4D4E-9634-3556217609AA}.Release_LTCG.ActiveCfg = Release_LTCG|Xbox
		{B34D7AE2-9364-4D4E-9634-3556217609AA}.Release_LTCG.Build.0 = Release_LTCG|Xbox
		{B93514FC-F828-4C88-9686-DD8C07B8393F}.Debug.ActiveCfg = Debug|Xbox
		{B93514FC-F828-4C88-9686-DD8C07B8393F}.Debug.Build.0 = Debug|Xbox
		{B93514FC-F828-4C88-9686-DD8C07B8393F}.Profile.ActiveCfg = Profile|Xbox
		{B93514FC-F828-4C88-9686-DD8C07B8393F}.Profile.Build.0 = Profile|Xbox
		{B93514FC-F828-4C88-9686-DD8C07B8393F}.Profile_FastCap.ActiveCfg = Profile_FastCap|Xbox
		{B93514FC-F828-4C88-9686-DD8C07B8393F}.Profile_FastCap.Build.0 = Profile_FastCap|Xbox
		{B93514FC-F828-4C88-9686-DD8C07B8393F}.Release.ActiveCfg = Release|Xbox
		{B93514FC-F828-4C88-9686-DD8C07B8393F}.Release.Build.0 = Release|Xbox
		{B93514FC-F828-4C88-9686-DD8C07B8393F}.Release_LTCG.ActiveCfg = Release_LTCG|Xbox
		{B93514FC-F828-4C88-9686-DD8C07B8393F}.Release_LTCG.Build.0 = Release_LTCG|Xbox
		{26F56768-8889-4579-880F-F80A7E2BE23C}.Debug.ActiveCfg = Debug|Xbox
		{26F56768-8889-4579-880F-F80A7E2BE23C}.Debug.Build.0 = Debug|Xbox
		{26F56768-8889-4579-880F-F80A7E2BE23C}.Profile.ActiveCfg = Profile|Xbox
		{26F56768-8889-4579-880F-F80A7E2BE23C}.Profile.Build.0 = Profile|Xbox
		{26F56768-8889-4579-880F-F80A7E2BE23C}.Profile_FastCap.ActiveCfg = Profile_FastCap|Xbox
		{26F56768-8889-4579-880F-F80A7E2BE23C}.Profile_FastCap.Build.0 = Profile_FastCap|Xbox
		{26F56768-8889-4579-880F-F80A7E2BE23C}.Release.ActiveCfg = Release|Xbox
		{26F56768-8889-4579-880F-F80A7E2BE23C}.Release.Build.0 = Release|Xbox
		{26F56768-8889-4579-880F-F80A7E2BE23C}.Release_LTCG.ActiveCfg = Release_LTCG|Xbox
		{26F56768-8889-4579-880F-F80A7E2BE23C}.Release_LTCG.Build.0 = Release_LTCG|Xbox
		{0853ABF2-A775-4B47-97B5-FAA6E37C0BD3}.Debug.ActiveCfg = Debug|Xbox
		{0853ABF2-A775-4B47-97B5-FAA6E37C0BD3}.Debug.Build.0 = Debug|Xbox
		{0853ABF2-A775-4B47-97B5-FAA6E37C0BD3}.Profile.ActiveCfg = Profile|Xbox
		{0853ABF2-A775-4B47-97B5-FAA6E37C0BD3}.Profile.Build.0 = Profile|Xbox
		{0853ABF2-A775-4B47-97B5-FAA6E37C0BD3}.Profile_FastCap.ActiveCfg = Profile_FastCap|Xbox
		{0853ABF2-A775-4B47-97B5-FAA6E37C0BD3}.Profile_FastCap.Build.0 = Profile_FastCap|Xbox
		{0853ABF2-A775-4B47-97B5-FAA6E37C0BD3}.Release.ActiveCfg = Release|Xbox
		{0853ABF2-A775-4B47-97B5-FAA6E37C0BD3}.Release.Build.0 = Release|Xbox
		{0853ABF2-A775-4B47-97B5-FAA6E37C0BD3}.Release_LTCG.ActiveCfg = Release_LTCG|Xbox
		{0853ABF2-A775-4B47-97B5-FAA6E37C0BD3}.Release_LTCG.Build.0 = Release_LTCG|Xbox
		{A42AB158-9DE5-4E71-B8A4-1D513485CE1B}.Debug.ActiveCfg = Debug|Xbox
		{A42AB158-9DE5-4E71-B8A4-1D513485CE1B}.Debug.Build.0 = Debug|Xbox
		{A42AB158-9DE5-4E71-B8A4-1D513485CE1B}.Profile.ActiveCfg = Profile|Xbox
		{A42AB158-9DE5-4E71-B8A4-1D513485CE1B}.Profile.Build.0 = Profile|Xbox
		{A42AB158-9DE5-4E71-B8A4-1D513485CE1B}.Profile_FastCap.ActiveCfg = Profile_FastCap|Xbox
		{A42AB158-9DE5-4E71-B8A4-1D513485CE1B}.Profile_FastCap.Build.0 = Profile_FastCap|Xbox
		{A42AB158-9DE5-4E71-B8A4-1D513485CE1B}.Release.ActiveCfg = Release|Xbox
		{A42AB158-9DE5-4E71-B8A4-1D513485CE1B}.Release.Build.0 = Release|Xbox
		{A42AB158-9DE5-4E71-B8A4-1D513485CE1B}.Release_LTCG.ActiveCfg = Release_LTCG|Xbox
		{A42AB158-9DE5-4E71-B8A4-1D513485CE1B}.Release_LTCG.Build.0 = Release_LTCG|Xbox
		{3D443978-7E31-4154-B15E-E30C24CBDE01}.Debug.ActiveCfg = Debug|Xbox
		{3D443978-7E31-4154-B15E-E30C24CBDE01}.Debug.Build.0 = Debug|Xbox
		{3D443978-7E31-4154-B15E-E30C24CBDE01}.Profile.ActiveCfg = Profile|Xbox
		{3D443978-7E31-4154-B15E-E30C24CBDE01}.Profile.Build.0 = Profile|Xbox
		{3D443978-7E31-4154-B15E-E30C24CBDE01}.Profile_FastCap.ActiveCfg = Profile_FastCap|Xbox
		{3D443978-7E31-4154-B15E-E30C24CBDE01}.Profile_FastCap.Build.0 = Profile_FastCap|Xbox
		{3D443978-7E31-4154-B15E-E30C24CBDE01}.Release.ActiveCfg = Release|Xbox
		{3D443978-7E31-4154-B15E-E30C24CBDE01}.Release.Build.0 = Release|Xbox
		{3D443978-7E31-4154-B15E-E30C24CBDE01}.Release_LTCG.ActiveCfg = Release_LTCG|Xbox
		{3D443978-7E31-4154-B15E-E30C24CBDE01}.Release_LTCG.Build.0 = Release_LTCG|Xbox
		{30F6B694-05DE-4A56-8856-252BA4795C17}.Debug.ActiveCfg = Debug|Xbox
		{30F6B694-05DE-4A56-8856-252BA4795C17}.Debug.Build.0 = Debug|Xbox
		{30F6B694-05DE-4A56-8856-252BA4795C17}.Profile.ActiveCfg = Profile|Xbox
		{30F6B694-05DE-4A56-8856-252BA4795C17}.Profile.Build.0 = Profile|Xbox
		{30F6B694-05DE-4A56-8856-252BA4795C17}.Profile_FastCap.ActiveCfg = Profile_FastCap|Xbox
		{30F6B694-05DE-4A56-8856-252BA4795C17}.Profile_FastCap.Build.0 = Profile_FastCap|Xbox
		{30F6B694-05DE-4A56-8856-252BA4795C17}.Release.ActiveCfg = Release|Xbox
		{30F6B694-05DE-4A56-8856-252BA4795C17}.Release.Build.0 = Release|Xbox
		{30F6B694-05DE-4A56-8856-252BA4795C17}.Release_LTCG.ActiveCfg = Release_LTCG|Xbox
		{30F6B694-05DE-4A56-8856-252BA4795C17}.Release_LTCG.Build.0 = Release_LTCG|Xbox
		{46690C6D-6538-420A-8517-D42A143AB8F9}.Debug.ActiveCfg = Debug|Xbox
		{46690C6D-6538-420A-8517-D42A143AB8F9}.Debug.Build.0 = Debug|Xbox
		{46690C6D-6538-420A-8517-D42A143AB8F9}.Profile.ActiveCfg = Profile|Xbox
		{46690C6D-6538-420A-8517-D42A143AB8F9}.Profile.Build.0 = Profile|Xbox
		{46690C6D-6538-420A-8517-D42A143AB8F9}.Profile_FastCap.ActiveCfg = Profile_FastCap|Xbox
		{46690C6D-6538-420A-8517-D42A143AB8F9}.Profile_FastCap.Build.0 = Profile_FastCap|Xbox
		{46690C6D-6538-420A-8517-D42A143AB8F9}.Release.ActiveCfg = Release|Xbox
		{46690C6D-6538-420A-8517-D42A143AB8F9}.Release.Build.0 = Release|Xbox
		{46690C6D-6538-420A-8517-D42A143AB8F9}.Release_LTCG.ActiveCfg = Release_LTCG|Xbox
		{46690C6D-6538-420A-8517-D42A143AB8F9}.Release_LTCG.Build.0 = Release_LTCG|Xbox
		{2D5B2113-0A6F-4987-8060-9CA0038073A7}.Debug.ActiveCfg = Debug|Xbox
		{2D5B2113-0A6F-4987-8060-9CA0038073A7}.Debug.Build.0 = Debug|Xbox
		{2D5B2113-0A6F-4987-8060-9CA0038073A7}.Profile.ActiveCfg = Profile|Xbox
		{2D5B2113-0A6F-4987-8060-9CA0038073A7}.Profile.Build.0 = Profile|Xbox
		{2D5B2113-0A6F-4987-8060-9CA0038073A7}.Profile_FastCap.ActiveCfg = Profile_FastCap|Xbox
		{2D5B2113-0A6F-4987-8060-9CA0038073A7}.Profile_FastCap.Build.0 = Profile_FastCap|Xbox
		{2D5B2113-0A6F-4987-8060-9CA0038073A7}.Release.ActiveCfg = Release|Xbox
		{2D5B2113-0A6F-4987-8060-9CA0038073A7}.Release.Build.0 = Release|Xbox
		{2D5B2113-0A6F-4987-8060-9CA0038073A7}.Release_LTCG.ActiveCfg = Release_LTCG|Xbox
		{2D5B2113-0A6F-4987-8060-9CA0038073A7}.Release_LTCG.Build.0 = Release_LTCG|Xbox
		{7E5A8D2A-035E-40D7-8C21-6812AA4297B4}.Debug.ActiveCfg = Debug|Xbox
		{7E5A8D2A-035E-40D7-8C21-6812AA4297B4}.Debug.Build.0 = Debug|Xbox
		{7E5A8D2A-035E-40D7-8C21-6812AA4297B4}.Profile.ActiveCfg = Profile|Xbox
		{7E5A8D2A-035E-40D7-8C21-6812AA4297B4}.Profile.Build.0 = Profile|Xbox
		{7E5A8D2A-035E-40D7-8C21-6812AA4297B4}.Profile_FastCap.ActiveCfg = Profile_FastCap|Xbox
		{7E5A8D2A-035E-40D7-8C21-6812AA4297B4}.Profile_FastCap.Build.0 = Profile_FastCap|Xbox
		{7E5A8D2A-035E-40D7-8C21-6812AA4297B4}.Release.ActiveCfg = Release|Xbox
		{7E5A8D2A-035E-40D7-8C21-6812AA4297B4}.Release.Build.0 = Release|Xbox
		{7E5A8D2A-035E-40D7-8C21-6812AA4297B4}.Release_LTCG.ActiveCfg = Release_LTCG|Xbox
		{7E5A8D2A-035E-40D7-8C21-6812AA4297B4}.Release_LTCG.Build.0 = Release_LTCG|Xbox
		{15134D49-FB2B-48B1-9C29-AE657EEA0F0B}.Debug.ActiveCfg = Debug|Xbox
		{15134D49-FB2B-48B1-9C29-AE657EEA0F0B}.Debug.Build.0 = Debug|Xbox
		{15134D49-FB2B-48B1-9C29-AE657EEA0F0B}.Profile.ActiveCfg = Profile|Xbox
		{15134D49-FB2B-48B1-9C29-AE657EEA0F0B}.Profile.Build.0 = Profile|Xbox
		{15134D49-FB2B-48B1-9C29-AE657EEA0F0B}.Profile_FastCap.ActiveCfg = Profile_FastCap|Xbox
		{15134D49-FB2B-48B1-9C29-AE657EEA0F0B}.Profile_FastCap.Build.0 = Profile_FastCap|Xbox
		{15134D49-FB2B-48B1-9C29-AE657EEA0F0B}.Release.ActiveCfg = Release|Xbox
		{15134D49-FB2B-48B1-9C29-AE657EEA0F0B}.Release.Build.0 = Release|Xbox
		{15134D49-FB2B-48B1-9C29-AE657EEA0F0B}.Release_LTCG.ActiveCfg = Release_LTCG|Xbox
		{15134D49-FB2B-48B1-9C29-AE657EEA0F0B}.Release_LTCG.Build.0 = Release_LTCG|Xbox
		{01982C0E-623D-41B8-96D5-1B49EA267338}.Debug.ActiveCfg = Debug|Xbox
		{01982C0E-623D-41B8-96D5-1B49EA267338}.Debug.Build.0 = Debug|Xbox
		{01982C0E-623D-41B8-96D5-1B49EA267338}.Profile.ActiveCfg = Profile|Xbox
		{01982C0E-623D-41B8-96D5-1B49EA267338}.Profile.Build.0 = Profile|Xbox
		{01982C0E-623D-41B8-96D5-1B49EA267338}.Profile_FastCap.ActiveCfg = Profile_FastCap|Xbox
		{01982C0E-623D-41B8-96D5-1B49EA267338}.Profile_FastCap.Build.0 = Profile_FastCap|Xbox
		{01982C0E-623D-41B8-96D5-1B49EA267338}.Release.ActiveCfg = Release|Xbox
		{01982C0E-623D-41B8-96D5-1B49EA267338}.Release.Build.0 = Release|Xbox
		{01982C0E-623D-41B8-96D5-1B49EA267338}.Release_LTCG.ActiveCfg = Release_LTCG|Xbox
		{01982C0E-623D-41B8-96D5-1B49EA267338}.Release_LTCG.Build.0 = Release_LTCG|Xbox
		{8E7335BE-6111-4792-9978-686754944376}.Debug.ActiveCfg = Debug|Xbox
		{8E7335BE-6111-4792-9978-686754944376}.Debug.Build.0 = Debug|Xbox
		{8E7335BE-6111-4792-9978-686754944376}.Profile.ActiveCfg = Profile|Xbox
		{8E7335BE-6111-4792-9978-686754944376}.Profile.Build.0 = Profile|Xbox
		{8E7335BE-6111-4792-9978-686754944376}.Profile_FastCap.ActiveCfg = Profile_FastCap|Xbox
		{8E7335BE-6111-4792-9978-686754944376}.Profile_FastCap.Build.0 = Profile_FastCap|Xbox
		{8E7335BE-6111-4792-9978-686754944376}.Release.ActiveCfg = Release|Xbox
		{8E7335BE-6111-4792-9978-686754944376}.Release.Build.0 = Release|Xbox
		{8E7335BE-6111-4792-9978-686754944376}.Release_LTCG.ActiveCfg = Release_LTCG|Xbox
		{8E7335BE-6111-4792-9978-686754944376}.Release_LTCG.Build.0 = Release_LTCG|Xbox
		{446ABFEF-1ECA-4CEE-A90B-F9323491F313}.Debug.ActiveCfg = Debug|Xbox
		{446ABFEF-1ECA-4CEE-A90B-F9323491F313}.Debug.Build.0 = Debug|Xbox
		{446ABFEF-1ECA-4CEE-A90B-F9323491F313}.Profile.ActiveCfg = Profile|Xbox
		{446ABFEF-1ECA-4CEE-A90B-F9323491F313}.Profile.Build.0 = Profile|Xbox
		{446ABFEF-1ECA-4CEE-A90B-F9323491F313}.Profile_FastCap.ActiveCfg = Profile_FastCap|Xbox
		{446ABFEF-1ECA-4CEE-A90B-F9323491F313}.Profile_FastCap.Build.0 = Profile_FastCap|Xbox
		{446ABFEF-1ECA-4CEE-A90B-F9323491F313}.Release.ActiveCfg = Release|Xbox
		{446ABFEF-1ECA-4CEE-A90B-F9323491F313}.Release.Build.0 = Release|Xbox
		{446ABFEF-1ECA-4CEE-A90B-F9323491F313}.Release_LTCG.ActiveCfg = Release_LTCG|Xbox
		{446ABFEF-1ECA-4CEE-A90B-F9323491F313}.Release_LTCG.Build.0 = Release_LTCG|Xbox
		{F9D9302A-9391-4596-AD40-95149D94A861}.Debug.ActiveCfg = Debug|Xbox
		{F9D9302A-9391-4596-AD40-95149D94A861}.Debug.Build.0 = Debug|Xbox
		{F9D9302A-9391-4596-AD40-95149D94A861}.Profile.ActiveCfg = Profile|Xbox
		{F9D9302A-9391-4596-AD40-95149D94A861}.Profile.Build.0 = Profile|Xbox
		{F9D9302A-9391-4596-AD40-95149D94A861}.Profile_FastCap.ActiveCfg = Profile_FastCap|Xbox
		{F9D9302A-9391-4596-AD40-95149D94A861}.Profile_FastCap.Build.0 = Profile_FastCap|Xbox
		{F9D9302A-9391-4596-AD40-95149D94A861}.Release.ActiveCfg = Release|Xbox
		{F9D9302A-9391-4596-AD40-95149D94A861}.Release.Build.0 = Release|Xbox
		{F9D9302A-9391-4596-AD40-95149D94A861}.Release_LTCG.ActiveCfg = Release_LTCG|Xbox
		{F9D9302A-9391-4596-AD40-95149D94A861}.Release_LTCG.Build.0 = Release_LTCG|Xbox
		{4FD9BE54-DD77-47A0-8F0E-EF301B859B9C}.Debug.ActiveCfg = Debug|Xbox
		{4FD9BE54-DD77-47A0-8F0E-EF301B859B9C}.Debug.Build.0 = Debug|Xbox
		{4FD9BE54-DD77-47A0-8F0E-EF301B859B9C}.Profile.ActiveCfg = Profile|Xbox
		{4FD9BE54-DD77-47A0-8F0E-EF301B859B9C}.Profile.Build.0 = Profile|Xbox
		{4FD9BE54-DD77-47A0-8F0E-EF301B859B9C}.Profile_FastCap.ActiveCfg = Profile_FastCap|Xbox
		{4FD9BE54-DD77-47A0-8F0E-EF301B859B9C}.Profile_FastCap.Build.0 = Profile_FastCap|Xbox
		{4FD9BE54-DD77-47A0-8F0E-EF301B859B9C}.Release.ActiveCfg = Release|Xbox
		{4FD9BE54-DD77-47A0-8F0E-EF301B859B9C}.Release.Build.0 = Release|Xbox
		{4FD9BE54-DD77-47A0-8F0E-EF301B859B9C}.Release_LTCG.ActiveCfg = Release_LTCG|Xbox
		{4FD9BE54-DD77-47A0-8F0E-EF301B859B9C}.Release_LTCG.Build.0 = Release_LTCG|Xbox
		{8664C52A-A32F-4391-9052-205D655E53E5}.Debug.ActiveCfg = Debug|Xbox
		{8664C52A-A32F-4391-9052-205D655E53E5}.Debug.Build.0 = Debug|Xbox
		{8664C52A-A32F-4391-9052-205D655E53E5}.Profile.ActiveCfg = Profile|Xbox
		{8664C52A-A32F-4391-9052-205D655E53E5}.Profile.Build.0 = Profile|Xbox
		{8664C52A-A32F-4391-9052-205D655E53E5}.Profile_FastCap.ActiveCfg = Profile_FastCap|Xbox
		{8664C52A-A32F-4391-9052-205D655E53E5}.Profile_FastCap.Build.0 = Profile_FastCap|Xbox
		{8664C52A-A32F-4391-9052-205D655E53E5}.Release.ActiveCfg = Release|Xbox
		{8664C52A-A32F-4391-9052-205D655E53E5}.Release.Build.0 = Release|Xbox
		{8664C52A-A32F-4391-9052-205D655E53E5}.Release_LTCG.ActiveCfg = Release_LTCG|Xbox
		{8664C52A-A32F-4391-9052-205D655E53E5}.Release_LTCG.Build.0 = Release_LTCG|Xbox
		{9880B406-4F3A-4659-8CE4-EEB41BAE6D13}.Debug.ActiveCfg = Debug|Xbox
		{9880B406-4F3A-4659-8CE4-EEB41BAE6D13}.Debug.Build.0 = Debug|Xbox
		{9880B406-4F3A-4659-8CE4-EEB41BAE6D13}.Profile.ActiveCfg = Profile|Xbox
		{9880B406-4F3A-4659-8CE4-EEB41BAE6D13}.Profile.Build.0 = Profile|Xbox
		{9880B406-4F3A-4659-8CE4-EEB41BAE6D13}.Profile_FastCap.ActiveCfg = Profile_FastCap|Xbox
		{9880B406-4F3A-4659-8CE4-EEB41BAE6D13}.Profile_FastCap.Build.0 = Profile_FastCap|Xbox
		{9880B406-4F3A-4659-8CE4-EEB41BAE6D13}.Release.ActiveCfg = Release|Xbox
		{9880B406-4F3A-4659-8CE4-EEB41BAE6D13}.Release.Build.0 = Release|Xbox
		{9880B406-4F3A-4659-8CE4-EEB41BAE6D13}.Release_LTCG.ActiveCfg = Release_LTCG|Xbox
		{9880B406-4F3A-4659-8CE4-EEB41BAE6D13}.Release_LTCG.Build.0 = Release_LTCG|Xbox
		{0C3F37F2-2687-400D-9066-090206ED7C8D}.Debug.ActiveCfg = Debug|Xbox
		{0C3F37F2-2687-400D-9066-090206ED7C8D}.Debug.Build.0 = Debug|Xbox
		{0C3F37F2-2687-400D-9066-090206ED7C8D}.Profile.ActiveCfg = Profile|Xbox
		{0C3F37F2-2687-400D-9066-090206ED7C8D}.Profile.Build.0 = Profile|Xbox
		{0C3F37F2-2687-400D-9066-090206ED7C8D}.Profile_FastCap.ActiveCfg = Profile_FastCap|Xbox
		{0C3F37F2-2687-400D-9066-090206ED7C8D}.Profile_FastCap.Build.0 = Profile_FastCap|Xbox
		{0C3F37F2-2687-400D-9066-090206ED7C8D}.Release.ActiveCfg = Release|Xbox
		{0C3F37F2-2687-400D-9066-090206ED7C8D}.Release.Build.0 = Release|Xbox
		{0C3F37F2-2687-400D-9066-090206ED7C8D}.Release_LTCG.ActiveCfg = Release_LTCG|Xbox
		{0C3F37F2-2687-400D-9066-090206ED7C8D}.Release_LTCG.Build.0 = Release_LTCG|Xbox
		{50C2EF18-0BAE-473A-A41D-2D23AF9B13EB}.Debug.ActiveCfg = Debug|Xbox
		{50C2EF18-0BAE-473A-A41D-2D23AF9B13EB}.Debug.Build.0 = Debug|Xbox
		{50C2EF18-0BAE-473A-A41D-2D23AF9B13EB}.Profile.ActiveCfg = Profile|Xbox
		{50C2EF18-0BAE-473A-A41D-2D23AF9B13EB}.Profile.Build.0 = Profile|Xbox
		{50C2EF18-0BAE-473A-A41D-2D23AF9B13EB}.Profile_FastCap.ActiveCfg = Profile_FastCap|Xbox
		{50C2EF18-0BAE-473A-A41D-2D23AF9B13EB}.Profile_FastCap.Build.0 = Profile_FastCap|Xbox
		{50C2EF18-0BAE-473A-A41D-2D23AF9B13EB}.Release.ActiveCfg = Release|Xbox
		{50C2EF18-0BAE-473A-A41D-2D23AF9B13EB}.Release.Build.0 = Release|Xbox
		{50C2EF18-0BAE-473A-A41D-2D23AF9B13EB}.Release_LTCG.ActiveCfg = Release_LTCG|Xbox
		{50C2EF18-0BAE-473A-A41D-2D23AF9B13EB}.Release_LTCG.Build.0 = Release_LTCG|Xbox
		{B328A5E3-D6AC-4324-81E1-35BCC565CB34}.Debug.ActiveCfg = Debug|Xbox
		{B328A5E3-D6AC-4324-81E1-35BCC565CB34}.Debug.Build.0 = Debug|Xbox
		{B328A5E3-D6AC-4324-81E1-35BCC565CB34}.Profile.ActiveCfg = Profile|Xbox
		{B328A5E3-D6AC-4324-81E1-35BCC565CB34}.Profile.Build.0 = Profile|Xbox
		{B328A5E3-D6AC-4324-81E1-35BCC565CB34}.Profile_FastCap.ActiveCfg = Profile_FastCap|Xbox
		{B328A5E3-D6AC-4324-81E1-35BCC565CB34}.Profile_FastCap.Build.0 = Profile_FastCap|Xbox
		{B328A5E3-D6AC-4324-81E1-35BCC565CB34}.Release.ActiveCfg = Release|Xbox
		{B328A5E3-D6AC-4324-81E1-35BCC565CB34}.Release.Build.0 = Release|Xbox
		{B328A5E3-D6AC-4324-81E1-35BCC565CB34}.Release_LTCG.ActiveCfg = Release_LTCG|Xbox
		{B328A5E3-D6AC-4324-81E1-35BCC565CB34}.Release_LTCG.Build.0 = Release_LTCG|Xbox
		{5ED132CC-6A41-4998-8793-A5B4F7C5C2E0}.Debug.ActiveCfg = Debug|Xbox
		{5ED132CC-6A41-4998-8793-A5B4F7C5C2E0}.Debug.Build.0 = Debug|Xbox
		{5ED132CC-6A41-4998-8793-A5B4F7C5C2E0}.Profile.ActiveCfg = Profile|Xbox
		{5ED132CC-6A41-4998-8793-A5B4F7C5C2E0}.Profile.Build.0 = Profile|Xbox
		{5ED132CC-6A41-4998-8793-A5B4F7C5C2E0}.Profile_FastCap.ActiveCfg = Profile_FastCap|Xbox
		{5ED132CC-6A41-4998-8793-A5B4F7C5C2E0}.Profile_FastCap.Build.0 = Profile_FastCap|Xbox
		{5ED132CC-6A41-4998-8793-A5B4F7C5C2E0}.Release.ActiveCfg = Release|Xbox
		{5ED132CC-6A41-4998-8793-A5B4F7C5C2E0}.Release.Build.0 = Release|Xbox
		{5ED132CC-6A41-4998-8793-A5B4F7C5C2E0}.Release_LTCG.ActiveCfg = Release_LTCG|Xbox
		{5ED132CC-6A41-4998-8793-A5B4F7C5C2E0}.Release_LTCG.Build.0 = Release_LTCG|Xbox
	EndGlobalSection
	GlobalSection(ExtensibilityGlobals) = postSolution
	EndGlobalSection
	GlobalSection(ExtensibilityAddIns) = postSolution
	EndGlobalSection
EndGlobal
